
Microsoft Visual Studio Solution File, Format Version 12.00
# Visual Studio 15
VisualStudioVersion = 15.0.28010.2050
MinimumVisualStudioVersion = 10.0.40219.1
Project("{FAE04EC0-301F-11D3-BF4B-00C04F79EFBC}") = "Game.WpfApp", "Game.WpfApp\Game.WpfApp.csproj", "{8B72534C-EB2D-41D0-B234-AAC1D95D056C}"
EndProject
Project("{FAE04EC0-301F-11D3-BF4B-00C04F79EFBC}") = "Game.BusinessLogic", "Game.BusinessLogic\Game.BusinessLogic.csproj", "{BA4D7FE5-8F69-493F-9B0D-E9C30BD092E2}"
EndProject
Project("{FAE04EC0-301F-11D3-BF4B-00C04F79EFBC}") = "Game.Repository", "Game.Repository\Game.Repository.csproj", "{49A42CB6-61D9-449E-A5DB-EDA28A550397}"
EndProject
Project("{FAE04EC0-301F-11D3-BF4B-00C04F79EFBC}") = "Game.Tests", "Game.Tests\Game.Tests.csproj", "{8593ACAB-A152-43B6-B820-7E8E473AD09B}"
EndProject
Global
	GlobalSection(SolutionConfigurationPlatforms) = preSolution
		Debug|Any CPU = Debug|Any CPU
		Release|Any CPU = Release|Any CPU
	EndGlobalSection
	GlobalSection(ProjectConfigurationPlatforms) = postSolution
		{8B72534C-EB2D-41D0-B234-AAC1D95D056C}.Debug|Any CPU.ActiveCfg = Debug|Any CPU
		{8B72534C-EB2D-41D0-B234-AAC1D95D056C}.Debug|Any CPU.Build.0 = Debug|Any CPU
		{8B72534C-EB2D-41D0-B234-AAC1D95D056C}.Release|Any CPU.ActiveCfg = Release|Any CPU
		{8B72534C-EB2D-41D0-B234-AAC1D95D056C}.Release|Any CPU.Build.0 = Release|Any CPU
		{BA4D7FE5-8F69-493F-9B0D-E9C30BD092E2}.Debug|Any CPU.ActiveCfg = Debug|Any CPU
		{BA4D7FE5-8F69-493F-9B0D-E9C30BD092E2}.Debug|Any CPU.Build.0 = Debug|Any CPU
		{BA4D7FE5-8F69-493F-9B0D-E9C30BD092E2}.Release|Any CPU.ActiveCfg = Release|Any CPU
		{BA4D7FE5-8F69-493F-9B0D-E9C30BD092E2}.Release|Any CPU.Build.0 = Release|Any CPU
		{49A42CB6-61D9-449E-A5DB-EDA28A550397}.Debug|Any CPU.ActiveCfg = Debug|Any CPU
		{49A42CB6-61D9-449E-A5DB-EDA28A550397}.Debug|Any CPU.Build.0 = Debug|Any CPU
		{49A42CB6-61D9-449E-A5DB-EDA28A550397}.Release|Any CPU.ActiveCfg = Release|Any CPU
		{49A42CB6-61D9-449E-A5DB-EDA28A550397}.Release|Any CPU.Build.0 = Release|Any CPU
		{8593ACAB-A152-43B6-B820-7E8E473AD09B}.Debug|Any CPU.ActiveCfg = Debug|Any CPU
		{8593ACAB-A152-43B6-B820-7E8E473AD09B}.Debug|Any CPU.Build.0 = Debug|Any CPU
		{8593ACAB-A152-43B6-B820-7E8E473AD09B}.Release|Any CPU.ActiveCfg = Release|Any CPU
		{8593ACAB-A152-43B6-B820-7E8E473AD09B}.Release|Any CPU.Build.0 = Release|Any CPU
	EndGlobalSection
	GlobalSection(SolutionProperties) = preSolution
		HideSolutionNode = FALSE
	EndGlobalSection
	GlobalSection(ExtensibilityGlobals) = postSolution
		SolutionGuid = {1CC68AAA-D308-4930-B457-C5BDB5528AAD}
	EndGlobalSection
EndGlobal
